
Microsoft Visual Studio Solution File, Format Version 12.00
# Visual Studio Version 16
VisualStudioVersion = 16.0.32002.261
MinimumVisualStudioVersion = 10.0.40219.1
Project("{FAE04EC0-301F-11D3-BF4B-00C04F79EFBC}") = "secondFormPrac", "secondFormPrac\secondFormPrac.csproj", "{9F5ABB9C-AFC5-48B3-8720-12350101BFFB}"
EndProject
Global
	GlobalSection(SolutionConfigurationPlatforms) = preSolution
		Debug|Any CPU = Debug|Any CPU
		Release|Any CPU = Release|Any CPU
	EndGlobalSection
	GlobalSection(ProjectConfigurationPlatforms) = postSolution
		{9F5ABB9C-AFC5-48B3-8720-12350101BFFB}.Debug|Any CPU.ActiveCfg = Debug|Any CPU
		{9F5ABB9C-AFC5-48B3-8720-12350101BFFB}.Debug|Any CPU.Build.0 = Debug|Any CPU
		{9F5ABB9C-AFC5-48B3-8720-12350101BFFB}.Release|Any CPU.ActiveCfg = Release|Any CPU
		{9F5ABB9C-AFC5-48B3-8720-12350101BFFB}.Release|Any CPU.Build.0 = Release|Any CPU
	EndGlobalSection
	GlobalSection(SolutionProperties) = preSolution
		HideSolutionNode = FALSE
	EndGlobalSection
	GlobalSection(ExtensibilityGlobals) = postSolution
		SolutionGuid = {1A16E00E-6587-4065-B2FA-3016AA71A4B6}
	EndGlobalSection
EndGlobal
